
Microsoft Visual Studio Solution File, Format Version 12.00
# Visual Studio 15
VisualStudioVersion = 15.0.27703.2047
MinimumVisualStudioVersion = 10.0.40219.1
Project("{FAE04EC0-301F-11D3-BF4B-00C04F79EFBC}") = "ReflectionPractice", "ReflectionPractice\ReflectionPractice.csproj", "{9174D632-64F0-42BF-9D1C-E76F5ADB5FB9}"
EndProject
Global
	GlobalSection(SolutionConfigurationPlatforms) = preSolution
		Debug|Any CPU = Debug|Any CPU
		Release|Any CPU = Release|Any CPU
	EndGlobalSection
	GlobalSection(ProjectConfigurationPlatforms) = postSolution
		{9174D632-64F0-42BF-9D1C-E76F5ADB5FB9}.Debug|Any CPU.ActiveCfg = Debug|Any CPU
		{9174D632-64F0-42BF-9D1C-E76F5ADB5FB9}.Debug|Any CPU.Build.0 = Debug|Any CPU
		{9174D632-64F0-42BF-9D1C-E76F5ADB5FB9}.Release|Any CPU.ActiveCfg = Release|Any CPU
		{9174D632-64F0-42BF-9D1C-E76F5ADB5FB9}.Release|Any CPU.Build.0 = Release|Any CPU
	EndGlobalSection
	GlobalSection(SolutionProperties) = preSolution
		HideSolutionNode = FALSE
	EndGlobalSection
	GlobalSection(ExtensibilityGlobals) = postSolution
		SolutionGuid = {D96A701E-95C8-4981-B6B1-2F1DCD4AB784}
	EndGlobalSection
EndGlobal
